
Microsoft Visual Studio Solution File, Format Version 12.00
# Visual Studio Version 16
VisualStudioVersion = 16.0.30011.22
MinimumVisualStudioVersion = 10.0.40219.1
Project("{FAE04EC0-301F-11D3-BF4B-00C04F79EFBC}") = "DiscordID2Roblox", "DiscordID2Roblox.csproj", "{97FA88C9-4F50-4501-BD0B-371D1B47A48B}"
EndProject
Global
	GlobalSection(SolutionConfigurationPlatforms) = preSolution
		Debug|Any CPU = Debug|Any CPU
		Release|Any CPU = Release|Any CPU
	EndGlobalSection
	GlobalSection(ProjectConfigurationPlatforms) = postSolution
		{97FA88C9-4F50-4501-BD0B-371D1B47A48B}.Debug|Any CPU.ActiveCfg = Debug|Any CPU
		{97FA88C9-4F50-4501-BD0B-371D1B47A48B}.Debug|Any CPU.Build.0 = Debug|Any CPU
		{97FA88C9-4F50-4501-BD0B-371D1B47A48B}.Release|Any CPU.ActiveCfg = Release|Any CPU
		{97FA88C9-4F50-4501-BD0B-371D1B47A48B}.Release|Any CPU.Build.0 = Release|Any CPU
	EndGlobalSection
	GlobalSection(SolutionProperties) = preSolution
		HideSolutionNode = FALSE
	EndGlobalSection
	GlobalSection(ExtensibilityGlobals) = postSolution
		SolutionGuid = {B2A34133-14AD-4E16-B812-80B422171B81}
	EndGlobalSection
EndGlobal
